PODS:
  - IQKeyboardManagerSwift (4.0.7)
  - SwiftyJSON (3.1.3)

DEPENDENCIES:
  - IQKeyboardManagerSwift
  - SwiftyJSON

SPEC CHECKSUMS:
  IQKeyboardManagerSwift: 58bbcf46b5cf9fd4ed625d28a60cb2fbae4ab0f4
  SwiftyJSON: 38a8ea2006779c0fc4c310cb2ee8195327740faf

PODFILE CHECKSUM: 3b6b44e70a53730ec68b268abff57b5b82a5f061

COCOAPODS: 1.1.1
